{
  "requires": true,
  "lockfileVersion": 1,
  "dependencies": {
    "balanced-match": {
      "version": "1.0.0",
      "resolved": "https://registry.npmjs.org/balanced-match/-/balanced-match-1.0.0.tgz",
      "integrity": "sha1-ibTRmasr7kneFk6gK4nORi1xt2c=",
      "dev": true
    },
    "brace-expansion": {
      "version": "1.1.11",
      "resolved": "https://registry.npmjs.org/brace-expansion/-/brace-expansion-1.1.11.tgz",
      "integrity": "sha512-iCuPHDFgrHX7H2vEI/5xpz07zSHB00TpugqhmYtVmMO6518mCuRMoOYFldEBl0g187ufozdaHgWKcYFb61qGiA==",
      "dev": true,
      "requires": {
        "balanced-match": "^1.0.0",
        "concat-map": "0.0.1"
      }
    },
    "cache-headers": {
      "version": "1.1.1",
      "resolved": "https://registry.npmjs.org/cache-headers/-/cache-headers-1.1.1.tgz",
      "integrity": "sha512-OCqPP1BBUNLS5eIDOG5LWwG2RPx84DQT87pi6CmMgW8fuVx7HRr3wCWDZasu9PE+AX/8kChjaLWv6m/AtEL8uw==",
      "dev": true,
      "requires": {
        "glob-slasher": "^1.0.1",
        "globject": "^1.0.1",
        "lodash.isempty": "^3.0.4",
        "regular": "^0.1.6"
      }
    },
    "concat-map": {
      "version": "0.0.1",
      "resolved": "https://registry.npmjs.org/concat-map/-/concat-map-0.0.1.tgz",
      "integrity": "sha1-2Klr13/Wjfd5OnMDajug1UBdR3s=",
      "dev": true
    },
    "glob-slash": {
      "version": "1.0.0",
      "resolved": "https://registry.npmjs.org/glob-slash/-/glob-slash-1.0.0.tgz",
      "integrity": "sha1-/lLvpDMjP3Si/mTHq7m8hIICq5U=",
      "dev": true
    },
    "glob-slasher": {
      "version": "1.0.1",
      "resolved": "https://registry.npmjs.org/glob-slasher/-/glob-slasher-1.0.1.tgz",
      "integrity": "sha1-dHoOW7IiZC7hDT4FRD4QlJPLD44=",
      "dev": true,
      "requires": {
        "glob-slash": "^1.0.0",
        "lodash.isobject": "^2.4.1",
        "toxic": "^1.0.0"
      }
    },
    "globject": {
      "version": "1.0.2",
      "resolved": "https://registry.npmjs.org/globject/-/globject-1.0.2.tgz",
      "integrity": "sha1-dWjIegFeEOYk/jIi3Ri5mlIasEA=",
      "dev": true,
      "requires": {
        "minimatch": "^3.0.3"
      }
    },
    "lodash": {
      "version": "4.17.15",
      "resolved": "https://registry.npmjs.org/lodash/-/lodash-4.17.15.tgz",
      "integrity": "sha512-8xOcRHvCjnocdS5cpwXQXVzmmh5e5+saE2QGoeQmbKmRS6J3VQppPOIt0MnmE+4xlZoumy0GPG0D0MVIQbNA1A==",
      "dev": true
    },
    "lodash._getnative": {
      "version": "3.9.1",
      "resolved": "https://registry.npmjs.org/lodash._getnative/-/lodash._getnative-3.9.1.tgz",
      "integrity": "sha1-VwvH3t5G1hzc3mh9ZdPuy6o6r/U=",
      "dev": true
    },
    "lodash._objecttypes": {
      "version": "2.4.1",
      "resolved": "https://registry.npmjs.org/lodash._objecttypes/-/lodash._objecttypes-2.4.1.tgz",
      "integrity": "sha1-fAt/admKH3ZSn4kLDNsbTf7BHBE=",
      "dev": true
    },
    "lodash.isarguments": {
      "version": "3.1.0",
      "resolved": "https://registry.npmjs.org/lodash.isarguments/-/lodash.isarguments-3.1.0.tgz",
      "integrity": "sha1-L1c9hcaiQon/AGY7SRwdM4/zRYo=",
      "dev": true
    },
    "lodash.isarray": {
      "version": "3.0.4",
      "resolved": "https://registry.npmjs.org/lodash.isarray/-/lodash.isarray-3.0.4.tgz",
      "integrity": "sha1-eeTriMNqgSKvhvhEqpvNhRtfu1U=",
      "dev": true
    },
    "lodash.isempty": {
      "version": "3.0.4",
      "resolved": "https://registry.npmjs.org/lodash.isempty/-/lodash.isempty-3.0.4.tgz",
      "integrity": "sha1-O8Vb+BHW0jLV4zVM4shkR6IPGtU=",
      "dev": true,
      "requires": {
        "lodash.isarguments": "^3.0.0",
        "lodash.isarray": "^3.0.0",
        "lodash.isfunction": "^3.0.0",
        "lodash.isstring": "^3.0.0",
        "lodash.keys": "^3.0.0"
      }
    },
    "lodash.isfunction": {
      "version": "3.0.9",
      "resolved": "https://registry.npmjs.org/lodash.isfunction/-/lodash.isfunction-3.0.9.tgz",
      "integrity": "sha512-AirXNj15uRIMMPihnkInB4i3NHeb4iBtNg9WRWuK2o31S+ePwwNmDPaTL3o7dTJ+VXNZim7rFs4rxN4YU1oUJw==",
      "dev": true
    },
    "lodash.isobject": {
      "version": "2.4.1",
      "resolved": "https://registry.npmjs.org/lodash.isobject/-/lodash.isobject-2.4.1.tgz",
      "integrity": "sha1-Wi5H/mmVPx7mMafrof5k0tBlWPU=",
      "dev": true,
      "requires": {
        "lodash._objecttypes": "~2.4.1"
      }
    },
    "lodash.isstring": {
      "version": "3.0.1",
      "resolved": "https://registry.npmjs.org/lodash.isstring/-/lodash.isstring-3.0.1.tgz",
      "integrity": "sha1-QWOJROoELvZ61nwpOqVB0/PW5Tw=",
      "dev": true
    },
    "lodash.keys": {
      "version": "3.1.2",
      "resolved": "https://registry.npmjs.org/lodash.keys/-/lodash.keys-3.1.2.tgz",
      "integrity": "sha1-TbwEcrFWvlCgsoaFXRvQsMZWCYo=",
      "dev": true,
      "requires": {
        "lodash._getnative": "^3.0.0",
        "lodash.isarguments": "^3.0.0",
        "lodash.isarray": "^3.0.0"
      }
    },
    "memory-cache": {
      "version": "0.2.0",
      "resolved": "https://registry.npmjs.org/memory-cache/-/memory-cache-0.2.0.tgz",
      "integrity": "sha1-eJCwHVLADI68nVM+H46xfjA0hxo="
    },
    "minimatch": {
      "version": "3.0.4",
      "resolved": "https://registry.npmjs.org/minimatch/-/minimatch-3.0.4.tgz",
      "integrity": "sha512-yJHVQEhyqPLUTgt9B83PXu6W3rx4MvvHvSUvToogpwoGDOUQ+yDrR0HRot+yOCdCO7u4hX3pWft6kWBBcqh0UA==",
      "dev": true,
      "requires": {
        "brace-expansion": "^1.1.7"
      }
    },
    "regular": {
      "version": "0.1.6",
      "resolved": "https://registry.npmjs.org/regular/-/regular-0.1.6.tgz",
      "integrity": "sha1-A2tQobIN66SgJthq3/jHOPU3CtU=",
      "dev": true
    },
    "toxic": {
      "version": "1.0.1",
      "resolved": "https://registry.npmjs.org/toxic/-/toxic-1.0.1.tgz",
      "integrity": "sha512-WI3rIGdcaKULYg7KVoB0zcjikqvcYYvcuT6D89bFPz2rVR0Rl0PK6x8/X62rtdLtBKIE985NzVf/auTtGegIIg==",
      "dev": true,
      "requires": {
        "lodash": "^4.17.10"
      }
    }
  }
}
